{
    "_meta": {
        "hash": {
            "sha256": "f0ad2d62c9dc09b6bb2491085524d9a17d4804d3b26ae7f3142b9e39802c3072"
        },
        "pipfile-spec": 6,
        "requires": {
            "python_version": "3.6"
        },
        "sources": [
            {
                "name": "pypi",
                "url": "https://pypi.python.org/simple",
                "verify_ssl": true
            }
        ]
    },
    "default": {
        "xerox": {
            "hashes": [
                "sha256:1b598ed4ba017374f02e9cef983febdd19dba79a5301856fdba985c490b14325"
            ],
            "index": "pypi",
            "version": "==0.4.1"
        }
    },
    "develop": {}
}
