{
    "_meta": {
        "hash": {
            "sha256": "2d27db47277e1b830ba9ad194b03fd7d8147c1922c7431321f43987d322b6f60"
        },
        "pipfile-spec": 6,
        "requires": {
            "python_version": "3.6"
        },
        "sources": [
            {
                "name": "pypi",
                "url": "https://pypi.python.org/simple",
                "verify_ssl": true
            }
        ]
    },
    "default": {
        "xerox": {
            "hashes": [
                "sha256:1b598ed4ba017374f02e9cef983febdd19dba79a5301856fdba985c490b14325"
            ],
            "index": "pypi",
            "version": "==0.4.1"
        }
    },
    "develop": {
        "e1839a8": {
            "editable": true,
            "path": "."
        },
        "xerox": {
            "hashes": [
                "sha256:1b598ed4ba017374f02e9cef983febdd19dba79a5301856fdba985c490b14325"
            ],
            "index": "pypi",
            "version": "==0.4.1"
        }
    }
}
